
Microsoft Visual Studio Solution File, Format Version 12.00
# Visual Studio Version 17
VisualStudioVersion = 17.3.32825.248
MinimumVisualStudioVersion = 10.0.40219.1
Project("{FAE04EC0-301F-11D3-BF4B-00C04F79EFBC}") = "SPaPS", "SPaPS\SPaPS.csproj", "{3978A52D-3131-46E7-82C4-66531C05BE2D}"
EndProject
Global
	GlobalSection(SolutionConfigurationPlatforms) = preSolution
		Debug|Any CPU = Debug|Any CPU
		Release|Any CPU = Release|Any CPU
	EndGlobalSection
	GlobalSection(ProjectConfigurationPlatforms) = postSolution
		{3978A52D-3131-46E7-82C4-66531C05BE2D}.Debug|Any CPU.ActiveCfg = Debug|Any CPU
		{3978A52D-3131-46E7-82C4-66531C05BE2D}.Debug|Any CPU.Build.0 = Debug|Any CPU
		{3978A52D-3131-46E7-82C4-66531C05BE2D}.Release|Any CPU.ActiveCfg = Release|Any CPU
		{3978A52D-3131-46E7-82C4-66531C05BE2D}.Release|Any CPU.Build.0 = Release|Any CPU
	EndGlobalSection
	GlobalSection(SolutionProperties) = preSolution
		HideSolutionNode = FALSE
	EndGlobalSection
	GlobalSection(ExtensibilityGlobals) = postSolution
		SolutionGuid = {63E1D54F-AE6C-4DD7-8F6B-E5F98700049D}
	EndGlobalSection
EndGlobal
